
Microsoft Visual Studio Solution File, Format Version 12.00
# Visual Studio 15
VisualStudioVersion = 15.0.28307.1209
MinimumVisualStudioVersion = 10.0.40219.1
Project("{FAE04EC0-301F-11D3-BF4B-00C04F79EFBC}") = "Theseus and the Minotaur", "Theseus and the Minotaur\Theseus and the Minotaur.csproj", "{FB6DF5FF-F3AE-41FA-82F8-CC9FF1B73055}"
EndProject
Global
	GlobalSection(SolutionConfigurationPlatforms) = preSolution
		Debug|Any CPU = Debug|Any CPU
		Release|Any CPU = Release|Any CPU
	EndGlobalSection
	GlobalSection(ProjectConfigurationPlatforms) = postSolution
		{FB6DF5FF-F3AE-41FA-82F8-CC9FF1B73055}.Debug|Any CPU.ActiveCfg = Debug|Any CPU
		{FB6DF5FF-F3AE-41FA-82F8-CC9FF1B73055}.Debug|Any CPU.Build.0 = Debug|Any CPU
		{FB6DF5FF-F3AE-41FA-82F8-CC9FF1B73055}.Release|Any CPU.ActiveCfg = Release|Any CPU
		{FB6DF5FF-F3AE-41FA-82F8-CC9FF1B73055}.Release|Any CPU.Build.0 = Release|Any CPU
	EndGlobalSection
	GlobalSection(SolutionProperties) = preSolution
		HideSolutionNode = FALSE
	EndGlobalSection
	GlobalSection(ExtensibilityGlobals) = postSolution
		SolutionGuid = {BF4C7357-DC9F-4BB7-BA9F-4D731992E53B}
	EndGlobalSection
EndGlobal
